
Microsoft Visual Studio Solution File, Format Version 12.00
# Visual Studio Version 16
VisualStudioVersion = 16.0.31729.503
MinimumVisualStudioVersion = 10.0.40219.1
Project("{FAE04EC0-301F-11D3-BF4B-00C04F79EFBC}") = "TestProject1", "TestProject1\TestProject1.csproj", "{6B6C0D21-DAE7-4F65-AF54-65AE07285877}"
EndProject
Global
	GlobalSection(SolutionConfigurationPlatforms) = preSolution
		Debug|Any CPU = Debug|Any CPU
		Release|Any CPU = Release|Any CPU
	EndGlobalSection
	GlobalSection(ProjectConfigurationPlatforms) = postSolution
		{6B6C0D21-DAE7-4F65-AF54-65AE07285877}.Debug|Any CPU.ActiveCfg = Debug|Any CPU
		{6B6C0D21-DAE7-4F65-AF54-65AE07285877}.Debug|Any CPU.Build.0 = Debug|Any CPU
		{6B6C0D21-DAE7-4F65-AF54-65AE07285877}.Release|Any CPU.ActiveCfg = Release|Any CPU
		{6B6C0D21-DAE7-4F65-AF54-65AE07285877}.Release|Any CPU.Build.0 = Release|Any CPU
	EndGlobalSection
	GlobalSection(SolutionProperties) = preSolution
		HideSolutionNode = FALSE
	EndGlobalSection
	GlobalSection(ExtensibilityGlobals) = postSolution
		SolutionGuid = {26A109E0-EACA-4909-B8EE-13404D1E1036}
	EndGlobalSection
EndGlobal
